{
  "version": 4,
  "terraform_version": "0.14.8",
  "serial": 55,
  "lineage": "798af70f-e6fc-b7f2-ff23-ac1b0cf4aba3",
  "outputs": {},
  "resources": [
    {
      "mode": "managed",
      "type": "cloudstack_instance",
      "name": "instance_1",
      "provider": "provider[\"registry.terraform.io/orange-cloudfoundry/cloudstack\"]",
      "instances": [
        {
          "schema_version": 0,
          "attributes": {
            "affinity_group_ids": null,
            "affinity_group_names": null,
            "display_name": "cloudstack-instance",
            "expunge": false,
            "group": "",
            "id": "1a06db72-b525-473f-a864-f3c8bcdb6be5",
            "ip_address": "192.168.0.222",
            "keypair": null,
            "name": "cloudstack-instance",
            "network_id": "5a72a038-2851-4c29-8c36-13b7e29c48da",
            "project": "",
            "root_disk_size": 8,
            "security_group_ids": null,
            "security_group_names": null,
            "service_offering": "Small Instance",
            "start_vm": true,
            "tags": {},
            "template": "centos 7",
            "user_data": null,
            "zone": "zone1"
          },
          "sensitive_attributes": [],
          "private": "bnVsbA=="
        }
      ]
    }
  ]
}
